// !$*UTF8*$!
{
	archiveVersion = 1;
	classes = {
	};
	objectVersion = 46;
	objects = {

/* Begin PBXBuildFile section */
		F42DFC2C1AFB56800097FACA /* QQShare.m in Sources */ = {isa = PBXBuildFile; fileRef = F42DFC241AFB56800097FACA /* QQShare.m */; };
		F42DFC2D1AFB56800097FACA /* SinaWeiboShare.m in Sources */ = {isa = PBXBuildFile; fileRef = F42DFC261AFB56800097FACA /* SinaWeiboShare.m */; };
		F42DFC2E1AFB56800097FACA /* TencentWeiboShare.m in Sources */ = {isa = PBXBuildFile; fileRef = F42DFC281AFB56800097FACA /* TencentWeiboShare.m */; };
		F42DFC2F1AFB56800097FACA /* TencentWeixinShare.m in Sources */ = {isa = PBXBuildFile; fileRef = F42DFC2A1AFB56800097FACA /* TencentWeixinShare.m */; };
		F42DFC401AFB568A0097FACA /* libWeiboSDK.a in Frameworks */ = {isa = PBXBuildFile; fileRef = F42DFC321AFB568A0097FACA /* libWeiboSDK.a */; };
		F42DFC411AFB568A0097FACA /* WeiboSDK.bundle in Resources */ = {isa = PBXBuildFile; fileRef = F42DFC331AFB568A0097FACA /* WeiboSDK.bundle */; };
		F42DFC421AFB568A0097FACA /* libTCWeiboSDK.a in Frameworks */ = {isa = PBXBuildFile; fileRef = F42DFC361AFB568A0097FACA /* libTCWeiboSDK.a */; };
		F42DFC431AFB568A0097FACA /* TencentOpenAPI.framework in Frameworks */ = {isa = PBXBuildFile; fileRef = F42DFC3A1AFB568A0097FACA /* TencentOpenAPI.framework */; };
		F42DFC441AFB568A0097FACA /* TencentOpenApi_IOS_Bundle.bundle in Resources */ = {isa = PBXBuildFile; fileRef = F42DFC3B1AFB568A0097FACA /* TencentOpenApi_IOS_Bundle.bundle */; };
		F42DFC451AFB568A0097FACA /* libWeChatSDK.a in Frameworks */ = {isa = PBXBuildFile; fileRef = F42DFC3D1AFB568A0097FACA /* libWeChatSDK.a */; };
		F42DFC481AFB56BA0097FACA /* Accounts.framework in Frameworks */ = {isa = PBXBuildFile; fileRef = F42DFC471AFB56BA0097FACA /* Accounts.framework */; };
		F42DFC611AFB56FD0097FACA /* AFHTTPRequestOperation.m in Sources */ = {isa = PBXBuildFile; fileRef = F42DFC4F1AFB56FD0097FACA /* AFHTTPRequestOperation.m */; };
		F42DFC621AFB56FD0097FACA /* AFHTTPRequestOperationManager.m in Sources */ = {isa = PBXBuildFile; fileRef = F42DFC511AFB56FD0097FACA /* AFHTTPRequestOperationManager.m */; };
		F42DFC631AFB56FD0097FACA /* AFHTTPSessionManager.m in Sources */ = {isa = PBXBuildFile; fileRef = F42DFC531AFB56FD0097FACA /* AFHTTPSessionManager.m */; };
		F42DFC641AFB56FD0097FACA /* AFNetworkReachabilityManager.m in Sources */ = {isa = PBXBuildFile; fileRef = F42DFC561AFB56FD0097FACA /* AFNetworkReachabilityManager.m */; };
		F42DFC651AFB56FD0097FACA /* AFSecurityPolicy.m in Sources */ = {isa = PBXBuildFile; fileRef = F42DFC581AFB56FD0097FACA /* AFSecurityPolicy.m */; };
		F42DFC661AFB56FD0097FACA /* AFURLConnectionOperation.m in Sources */ = {isa = PBXBuildFile; fileRef = F42DFC5A1AFB56FD0097FACA /* AFURLConnectionOperation.m */; };
		F42DFC671AFB56FD0097FACA /* AFURLRequestSerialization.m in Sources */ = {isa = PBXBuildFile; fileRef = F42DFC5C1AFB56FD0097FACA /* AFURLRequestSerialization.m */; };
		F42DFC681AFB56FD0097FACA /* AFURLResponseSerialization.m in Sources */ = {isa = PBXBuildFile; fileRef = F42DFC5E1AFB56FD0097FACA /* AFURLResponseSerialization.m */; };
		F42DFC691AFB56FD0097FACA /* AFURLSessionManager.m in Sources */ = {isa = PBXBuildFile; fileRef = F42DFC601AFB56FD0097FACA /* AFURLSessionManager.m */; };
		F42DFC6B1AFB576F0097FACA /* Social.framework in Frameworks */ = {isa = PBXBuildFile; fileRef = F42DFC6A1AFB576F0097FACA /* Social.framework */; };
		F42DFC6D1AFB58DF0097FACA /* libc++.dylib in Frameworks */ = {isa = PBXBuildFile; fileRef = F42DFC6C1AFB58DF0097FACA /* libc++.dylib */; };
		F481B4381AFB44ED00F29ADA /* main.m in Sources */ = {isa = PBXBuildFile; fileRef = F481B4371AFB44ED00F29ADA /* main.m */; };
		F481B43B1AFB44ED00F29ADA /* AppDelegate.m in Sources */ = {isa = PBXBuildFile; fileRef = F481B43A1AFB44ED00F29ADA /* AppDelegate.m */; };
		F481B43E1AFB44ED00F29ADA /* ViewController.m in Sources */ = {isa = PBXBuildFile; fileRef = F481B43D1AFB44ED00F29ADA /* ViewController.m */; };
		F481B4411AFB44ED00F29ADA /* Main.storyboard in Resources */ = {isa = PBXBuildFile; fileRef = F481B43F1AFB44ED00F29ADA /* Main.storyboard */; };
		F481B4431AFB44ED00F29ADA /* Images.xcassets in Resources */ = {isa = PBXBuildFile; fileRef = F481B4421AFB44ED00F29ADA /* Images.xcassets */; };
		F481B4461AFB44ED00F29ADA /* LaunchScreen.xib in Resources */ = {isa = PBXBuildFile; fileRef = F481B4441AFB44ED00F29ADA /* LaunchScreen.xib */; };
		F481B4521AFB44ED00F29ADA /* ThirdPartyShareDemoTests.m in Sources */ = {isa = PBXBuildFile; fileRef = F481B4511AFB44ED00F29ADA /* ThirdPartyShareDemoTests.m */; };
/* End PBXBuildFile section */

/* Begin PBXContainerItemProxy section */
		F481B44C1AFB44ED00F29ADA /* PBXContainerItemProxy */ = {
			isa = PBXContainerItemProxy;
			containerPortal = F481B42A1AFB44ED00F29ADA /* Project object */;
			proxyType = 1;
			remoteGlobalIDString = F481B4311AFB44ED00F29ADA;
			remoteInfo = ThirdPartyShareDemo;
		};
/* End PBXContainerItemProxy section */

/* Begin PBXFileReference section */
		F42DFC231AFB56800097FACA /* QQShare.h */ = {isa = PBXFileReference; fileEncoding = 4; lastKnownFileType = sourcecode.c.h; path = QQShare.h; sourceTree = "<group>"; };
		F42DFC241AFB56800097FACA /* QQShare.m */ = {isa = PBXFileReference; fileEncoding = 4; lastKnownFileType = sourcecode.c.objc; path = QQShare.m; sourceTree = "<group>"; };
		F42DFC251AFB56800097FACA /* SinaWeiboShare.h */ = {isa = PBXFileReference; fileEncoding = 4; lastKnownFileType = sourcecode.c.h; path = SinaWeiboShare.h; sourceTree = "<group>"; };
		F42DFC261AFB56800097FACA /* SinaWeiboShare.m */ = {isa = PBXFileReference; fileEncoding = 4; lastKnownFileType = sourcecode.c.objc; path = SinaWeiboShare.m; sourceTree = "<group>"; };
		F42DFC271AFB56800097FACA /* TencentWeiboShare.h */ = {isa = PBXFileReference; fileEncoding = 4; lastKnownFileType = sourcecode.c.h; path = TencentWeiboShare.h; sourceTree = "<group>"; };
		F42DFC281AFB56800097FACA /* TencentWeiboShare.m */ = {isa = PBXFileReference; fileEncoding = 4; lastKnownFileType = sourcecode.c.objc; path = TencentWeiboShare.m; sourceTree = "<group>"; };
		F42DFC291AFB56800097FACA /* TencentWeixinShare.h */ = {isa = PBXFileReference; fileEncoding = 4; lastKnownFileType = sourcecode.c.h; path = TencentWeixinShare.h; sourceTree = "<group>"; };
		F42DFC2A1AFB56800097FACA /* TencentWeixinShare.m */ = {isa = PBXFileReference; fileEncoding = 4; lastKnownFileType = sourcecode.c.objc; path = TencentWeixinShare.m; sourceTree = "<group>"; };
		F42DFC2B1AFB56800097FACA /* ThirdPartyShareKey.h */ = {isa = PBXFileReference; fileEncoding = 4; lastKnownFileType = sourcecode.c.h; path = ThirdPartyShareKey.h; sourceTree = "<group>"; };
		F42DFC321AFB568A0097FACA /* libWeiboSDK.a */ = {isa = PBXFileReference; lastKnownFileType = archive.ar; path = libWeiboSDK.a; sourceTree = "<group>"; };
		F42DFC331AFB568A0097FACA /* WeiboSDK.bundle */ = {isa = PBXFileReference; lastKnownFileType = "wrapper.plug-in"; path = WeiboSDK.bundle; sourceTree = "<group>"; };
		F42DFC341AFB568A0097FACA /* WeiboSDK.h */ = {isa = PBXFileReference; fileEncoding = 4; lastKnownFileType = sourcecode.c.h; path = WeiboSDK.h; sourceTree = "<group>"; };
		F42DFC361AFB568A0097FACA /* libTCWeiboSDK.a */ = {isa = PBXFileReference; lastKnownFileType = archive.ar; path = libTCWeiboSDK.a; sourceTree = "<group>"; };
		F42DFC371AFB568A0097FACA /* WeiboApi.h */ = {isa = PBXFileReference; fileEncoding = 4; lastKnownFileType = sourcecode.c.h; path = WeiboApi.h; sourceTree = "<group>"; };
		F42DFC381AFB568A0097FACA /* WeiboApiObject.h */ = {isa = PBXFileReference; fileEncoding = 4; lastKnownFileType = sourcecode.c.h; path = WeiboApiObject.h; sourceTree = "<group>"; };
		F42DFC3A1AFB568A0097FACA /* TencentOpenAPI.framework */ = {isa = PBXFileReference; lastKnownFileType = wrapper.framework; path = TencentOpenAPI.framework; sourceTree = "<group>"; };
		F42DFC3B1AFB568A0097FACA /* TencentOpenApi_IOS_Bundle.bundle */ = {isa = PBXFileReference; lastKnownFileType = "wrapper.plug-in"; path = TencentOpenApi_IOS_Bundle.bundle; sourceTree = "<group>"; };
		F42DFC3D1AFB568A0097FACA /* libWeChatSDK.a */ = {isa = PBXFileReference; lastKnownFileType = archive.ar; path = libWeChatSDK.a; sourceTree = "<group>"; };
		F42DFC3E1AFB568A0097FACA /* WXApi.h */ = {isa = PBXFileReference; fileEncoding = 4; lastKnownFileType = sourcecode.c.h; path = WXApi.h; sourceTree = "<group>"; };
		F42DFC3F1AFB568A0097FACA /* WXApiObject.h */ = {isa = PBXFileReference; fileEncoding = 4; lastKnownFileType = sourcecode.c.h; path = WXApiObject.h; sourceTree = "<group>"; };
		F42DFC471AFB56BA0097FACA /* Accounts.framework */ = {isa = PBXFileReference; lastKnownFileType = wrapper.framework; name = Accounts.framework; path = System/Library/Frameworks/Accounts.framework; sourceTree = SDKROOT; };
		F42DFC491AFB56C80097FACA /* CFNetwork.framework */ = {isa = PBXFileReference; lastKnownFileType = wrapper.framework; name = CFNetwork.framework; path = System/Library/Frameworks/CFNetwork.framework; sourceTree = SDKROOT; };
		F42DFC4B1AFB56D90097FACA /* Security.framework */ = {isa = PBXFileReference; lastKnownFileType = wrapper.framework; name = Security.framework; path = System/Library/Frameworks/Security.framework; sourceTree = SDKROOT; };
		F42DFC4E1AFB56FD0097FACA /* AFHTTPRequestOperation.h */ = {isa = PBXFileReference; fileEncoding = 4; lastKnownFileType = sourcecode.c.h; path = AFHTTPRequestOperation.h; sourceTree = "<group>"; };
		F42DFC4F1AFB56FD0097FACA /* AFHTTPRequestOperation.m */ = {isa = PBXFileReference; fileEncoding = 4; lastKnownFileType = sourcecode.c.objc; path = AFHTTPRequestOperation.m; sourceTree = "<group>"; };
		F42DFC501AFB56FD0097FACA /* AFHTTPRequestOperationManager.h */ = {isa = PBXFileReference; fileEncoding = 4; lastKnownFileType = sourcecode.c.h; path = AFHTTPRequestOperationManager.h; sourceTree = "<group>"; };
		F42DFC511AFB56FD0097FACA /* AFHTTPRequestOperationManager.m */ = {isa = PBXFileReference; fileEncoding = 4; lastKnownFileType = sourcecode.c.objc; path = AFHTTPRequestOperationManager.m; sourceTree = "<group>"; };
		F42DFC521AFB56FD0097FACA /* AFHTTPSessionManager.h */ = {isa = PBXFileReference; fileEncoding = 4; lastKnownFileType = sourcecode.c.h; path = AFHTTPSessionManager.h; sourceTree = "<group>"; };
		F42DFC531AFB56FD0097FACA /* AFHTTPSessionManager.m */ = {isa = PBXFileReference; fileEncoding = 4; lastKnownFileType = sourcecode.c.objc; path = AFHTTPSessionManager.m; sourceTree = "<group>"; };
		F42DFC541AFB56FD0097FACA /* AFNetworking.h */ = {isa = PBXFileReference; fileEncoding = 4; lastKnownFileType = sourcecode.c.h; path = AFNetworking.h; sourceTree = "<group>"; };
		F42DFC551AFB56FD0097FACA /* AFNetworkReachabilityManager.h */ = {isa = PBXFileReference; fileEncoding = 4; lastKnownFileType = sourcecode.c.h; path = AFNetworkReachabilityManager.h; sourceTree = "<group>"; };
		F42DFC561AFB56FD0097FACA /* AFNetworkReachabilityManager.m */ = {isa = PBXFileReference; fileEncoding = 4; lastKnownFileType = sourcecode.c.objc; path = AFNetworkReachabilityManager.m; sourceTree = "<group>"; };
		F42DFC571AFB56FD0097FACA /* AFSecurityPolicy.h */ = {isa = PBXFileReference; fileEncoding = 4; lastKnownFileType = sourcecode.c.h; path = AFSecurityPolicy.h; sourceTree = "<group>"; };
		F42DFC581AFB56FD0097FACA /* AFSecurityPolicy.m */ = {isa = PBXFileReference; fileEncoding = 4; lastKnownFileType = sourcecode.c.objc; path = AFSecurityPolicy.m; sourceTree = "<group>"; };
		F42DFC591AFB56FD0097FACA /* AFURLConnectionOperation.h */ = {isa = PBXFileReference; fileEncoding = 4; lastKnownFileType = sourcecode.c.h; path = AFURLConnectionOperation.h; sourceTree = "<group>"; };
		F42DFC5A1AFB56FD0097FACA /* AFURLConnectionOperation.m */ = {isa = PBXFileReference; fileEncoding = 4; lastKnownFileType = sourcecode.c.objc; path = AFURLConnectionOperation.m; sourceTree = "<group>"; };
		F42DFC5B1AFB56FD0097FACA /* AFURLRequestSerialization.h */ = {isa = PBXFileReference; fileEncoding = 4; lastKnownFileType = sourcecode.c.h; path = AFURLRequestSerialization.h; sourceTree = "<group>"; };
		F42DFC5C1AFB56FD0097FACA /* AFURLRequestSerialization.m */ = {isa = PBXFileReference; fileEncoding = 4; lastKnownFileType = sourcecode.c.objc; path = AFURLRequestSerialization.m; sourceTree = "<group>"; };
		F42DFC5D1AFB56FD0097FACA /* AFURLResponseSerialization.h */ = {isa = PBXFileReference; fileEncoding = 4; lastKnownFileType = sourcecode.c.h; path = AFURLResponseSerialization.h; sourceTree = "<group>"; };
		F42DFC5E1AFB56FD0097FACA /* AFURLResponseSerialization.m */ = {isa = PBXFileReference; fileEncoding = 4; lastKnownFileType = sourcecode.c.objc; path = AFURLResponseSerialization.m; sourceTree = "<group>"; };
		F42DFC5F1AFB56FD0097FACA /* AFURLSessionManager.h */ = {isa = PBXFileReference; fileEncoding = 4; lastKnownFileType = sourcecode.c.h; path = AFURLSessionManager.h; sourceTree = "<group>"; };
		F42DFC601AFB56FD0097FACA /* AFURLSessionManager.m */ = {isa = PBXFileReference; fileEncoding = 4; lastKnownFileType = sourcecode.c.objc; path = AFURLSessionManager.m; sourceTree = "<group>"; };
		F42DFC6A1AFB576F0097FACA /* Social.framework */ = {isa = PBXFileReference; lastKnownFileType = wrapper.framework; name = Social.framework; path = System/Library/Frameworks/Social.framework; sourceTree = SDKROOT; };
		F42DFC6C1AFB58DF0097FACA /* libc++.dylib */ = {isa = PBXFileReference; lastKnownFileType = "compiled.mach-o.dylib"; name = "libc++.dylib"; path = "usr/lib/libc++.dylib"; sourceTree = SDKROOT; };
		F481B4321AFB44ED00F29ADA /* ThirdPartyShareDemo.app */ = {isa = PBXFileReference; explicitFileType = wrapper.application; includeInIndex = 0; path = ThirdPartyShareDemo.app; sourceTree = BUILT_PRODUCTS_DIR; };
		F481B4361AFB44ED00F29ADA /* Info.plist */ = {isa = PBXFileReference; lastKnownFileType = text.plist.xml; path = Info.plist; sourceTree = "<group>"; };
		F481B4371AFB44ED00F29ADA /* main.m */ = {isa = PBXFileReference; lastKnownFileType = sourcecode.c.objc; path = main.m; sourceTree = "<group>"; };
		F481B4391AFB44ED00F29ADA /* AppDelegate.h */ = {isa = PBXFileReference; lastKnownFileType = sourcecode.c.h; path = AppDelegate.h; sourceTree = "<group>"; };
		F481B43A1AFB44ED00F29ADA /* AppDelegate.m */ = {isa = PBXFileReference; lastKnownFileType = sourcecode.c.objc; path = AppDelegate.m; sourceTree = "<group>"; };
		F481B43C1AFB44ED00F29ADA /* ViewController.h */ = {isa = PBXFileReference; lastKnownFileType = sourcecode.c.h; path = ViewController.h; sourceTree = "<group>"; };
		F481B43D1AFB44ED00F29ADA /* ViewController.m */ = {isa = PBXFileReference; lastKnownFileType = sourcecode.c.objc; path = ViewController.m; sourceTree = "<group>"; };
		F481B4401AFB44ED00F29ADA /* Base */ = {isa = PBXFileReference; lastKnownFileType = file.storyboard; name = Base; path = Base.lproj/Main.storyboard; sourceTree = "<group>"; };
		F481B4421AFB44ED00F29ADA /* Images.xcassets */ = {isa = PBXFileReference; lastKnownFileType = folder.assetcatalog; path = Images.xcassets; sourceTree = "<group>"; };
		F481B4451AFB44ED00F29ADA /* Base */ = {isa = PBXFileReference; lastKnownFileType = file.xib; name = Base; path = Base.lproj/LaunchScreen.xib; sourceTree = "<group>"; };
		F481B44B1AFB44ED00F29ADA /* ThirdPartyShareDemoTests.xctest */ = {isa = PBXFileReference; explicitFileType = wrapper.cfbundle; includeInIndex = 0; path = ThirdPartyShareDemoTests.xctest; sourceTree = BUILT_PRODUCTS_DIR; };
		F481B4501AFB44ED00F29ADA /* Info.plist */ = {isa = PBXFileReference; lastKnownFileType = text.plist.xml; path = Info.plist; sourceTree = "<group>"; };
		F481B4511AFB44ED00F29ADA /* ThirdPartyShareDemoTests.m */ = {isa = PBXFileReference; lastKnownFileType = sourcecode.c.objc; path = ThirdPartyShareDemoTests.m; sourceTree = "<group>"; };
/* End PBXFileReference section */

/* Begin PBXFrameworksBuildPhase section */
		F481B42F1AFB44ED00F29ADA /* Frameworks */ = {
			isa = PBXFrameworksBuildPhase;
			buildActionMask = 2147483647;
			files = (
				F42DFC6D1AFB58DF0097FACA /* libc++.dylib in Frameworks */,
				F42DFC6B1AFB576F0097FACA /* Social.framework in Frameworks */,
				F42DFC481AFB56BA0097FACA /* Accounts.framework in Frameworks */,
				F42DFC421AFB568A0097FACA /* libTCWeiboSDK.a in Frameworks */,
				F42DFC431AFB568A0097FACA /* TencentOpenAPI.framework in Frameworks */,
				F42DFC451AFB568A0097FACA /* libWeChatSDK.a in Frameworks */,
				F42DFC401AFB568A0097FACA /* libWeiboSDK.a in Frameworks */,
			);
			runOnlyForDeploymentPostprocessing = 0;
		};
		F481B4481AFB44ED00F29ADA /* Frameworks */ = {
			isa = PBXFrameworksBuildPhase;
			buildActionMask = 2147483647;
			files = (
			);
			runOnlyForDeploymentPostprocessing = 0;
		};
/* End PBXFrameworksBuildPhase section */

/* Begin PBXGroup section */
		F42DFC221AFB56800097FACA /* ThirdPartyShare */ = {
			isa = PBXGroup;
			children = (
				F42DFC231AFB56800097FACA /* QQShare.h */,
				F42DFC241AFB56800097FACA /* QQShare.m */,
				F42DFC251AFB56800097FACA /* SinaWeiboShare.h */,
				F42DFC261AFB56800097FACA /* SinaWeiboShare.m */,
				F42DFC271AFB56800097FACA /* TencentWeiboShare.h */,
				F42DFC281AFB56800097FACA /* TencentWeiboShare.m */,
				F42DFC291AFB56800097FACA /* TencentWeixinShare.h */,
				F42DFC2A1AFB56800097FACA /* TencentWeixinShare.m */,
				F42DFC2B1AFB56800097FACA /* ThirdPartyShareKey.h */,
			);
			path = ThirdPartyShare;
			sourceTree = SOURCE_ROOT;
		};
		F42DFC301AFB568A0097FACA /* ThirdPartySDK */ = {
			isa = PBXGroup;
			children = (
				F42DFC311AFB568A0097FACA /* libWeiboSDK */,
				F42DFC351AFB568A0097FACA /* TCWeiboSDK */,
				F42DFC391AFB568A0097FACA /* TencentOpenApi */,
				F42DFC3C1AFB568A0097FACA /* WeChatSDK */,
			);
			path = ThirdPartySDK;
			sourceTree = SOURCE_ROOT;
		};
		F42DFC311AFB568A0097FACA /* libWeiboSDK */ = {
			isa = PBXGroup;
			children = (
				F42DFC321AFB568A0097FACA /* libWeiboSDK.a */,
				F42DFC331AFB568A0097FACA /* WeiboSDK.bundle */,
				F42DFC341AFB568A0097FACA /* WeiboSDK.h */,
			);
			path = libWeiboSDK;
			sourceTree = "<group>";
		};
		F42DFC351AFB568A0097FACA /* TCWeiboSDK */ = {
			isa = PBXGroup;
			children = (
				F42DFC361AFB568A0097FACA /* libTCWeiboSDK.a */,
				F42DFC371AFB568A0097FACA /* WeiboApi.h */,
				F42DFC381AFB568A0097FACA /* WeiboApiObject.h */,
			);
			path = TCWeiboSDK;
			sourceTree = "<group>";
		};
		F42DFC391AFB568A0097FACA /* TencentOpenApi */ = {
			isa = PBXGroup;
			children = (
				F42DFC3A1AFB568A0097FACA /* TencentOpenAPI.framework */,
				F42DFC3B1AFB568A0097FACA /* TencentOpenApi_IOS_Bundle.bundle */,
			);
			path = TencentOpenApi;
			sourceTree = "<group>";
		};
		F42DFC3C1AFB568A0097FACA /* WeChatSDK */ = {
			isa = PBXGroup;
			children = (
				F42DFC3D1AFB568A0097FACA /* libWeChatSDK.a */,
				F42DFC3E1AFB568A0097FACA /* WXApi.h */,
				F42DFC3F1AFB568A0097FACA /* WXApiObject.h */,
			);
			path = WeChatSDK;
			sourceTree = "<group>";
		};
		F42DFC461AFB56990097FACA /* Frameworks */ = {
			isa = PBXGroup;
			children = (
				F42DFC6C1AFB58DF0097FACA /* libc++.dylib */,
				F42DFC6A1AFB576F0097FACA /* Social.framework */,
				F42DFC4B1AFB56D90097FACA /* Security.framework */,
				F42DFC491AFB56C80097FACA /* CFNetwork.framework */,
				F42DFC471AFB56BA0097FACA /* Accounts.framework */,
			);
			name = Frameworks;
			sourceTree = "<group>";
		};
		F42DFC4D1AFB56FD0097FACA /* AFNetworking */ = {
			isa = PBXGroup;
			children = (
				F42DFC4E1AFB56FD0097FACA /* AFHTTPRequestOperation.h */,
				F42DFC4F1AFB56FD0097FACA /* AFHTTPRequestOperation.m */,
				F42DFC501AFB56FD0097FACA /* AFHTTPRequestOperationManager.h */,
				F42DFC511AFB56FD0097FACA /* AFHTTPRequestOperationManager.m */,
				F42DFC521AFB56FD0097FACA /* AFHTTPSessionManager.h */,
				F42DFC531AFB56FD0097FACA /* AFHTTPSessionManager.m */,
				F42DFC541AFB56FD0097FACA /* AFNetworking.h */,
				F42DFC551AFB56FD0097FACA /* AFNetworkReachabilityManager.h */,
				F42DFC561AFB56FD0097FACA /* AFNetworkReachabilityManager.m */,
				F42DFC571AFB56FD0097FACA /* AFSecurityPolicy.h */,
				F42DFC581AFB56FD0097FACA /* AFSecurityPolicy.m */,
				F42DFC591AFB56FD0097FACA /* AFURLConnectionOperation.h */,
				F42DFC5A1AFB56FD0097FACA /* AFURLConnectionOperation.m */,
				F42DFC5B1AFB56FD0097FACA /* AFURLRequestSerialization.h */,
				F42DFC5C1AFB56FD0097FACA /* AFURLRequestSerialization.m */,
				F42DFC5D1AFB56FD0097FACA /* AFURLResponseSerialization.h */,
				F42DFC5E1AFB56FD0097FACA /* AFURLResponseSerialization.m */,
				F42DFC5F1AFB56FD0097FACA /* AFURLSessionManager.h */,
				F42DFC601AFB56FD0097FACA /* AFURLSessionManager.m */,
			);
			path = AFNetworking;
			sourceTree = SOURCE_ROOT;
		};
		F481B4291AFB44ED00F29ADA = {
			isa = PBXGroup;
			children = (
				F481B4341AFB44ED00F29ADA /* ThirdPartyShareDemo */,
				F42DFC461AFB56990097FACA /* Frameworks */,
				F481B44E1AFB44ED00F29ADA /* ThirdPartyShareDemoTests */,
				F481B4331AFB44ED00F29ADA /* Products */,
			);
			sourceTree = "<group>";
		};
		F481B4331AFB44ED00F29ADA /* Products */ = {
			isa = PBXGroup;
			children = (
				F481B4321AFB44ED00F29ADA /* ThirdPartyShareDemo.app */,
				F481B44B1AFB44ED00F29ADA /* ThirdPartyShareDemoTests.xctest */,
			);
			name = Products;
			sourceTree = "<group>";
		};
		F481B4341AFB44ED00F29ADA /* ThirdPartyShareDemo */ = {
			isa = PBXGroup;
			children = (
				F42DFC4D1AFB56FD0097FACA /* AFNetworking */,
				F42DFC301AFB568A0097FACA /* ThirdPartySDK */,
				F42DFC221AFB56800097FACA /* ThirdPartyShare */,
				F481B4391AFB44ED00F29ADA /* AppDelegate.h */,
				F481B43A1AFB44ED00F29ADA /* AppDelegate.m */,
				F481B43C1AFB44ED00F29ADA /* ViewController.h */,
				F481B43D1AFB44ED00F29ADA /* ViewController.m */,
				F481B43F1AFB44ED00F29ADA /* Main.storyboard */,
				F481B4421AFB44ED00F29ADA /* Images.xcassets */,
				F481B4441AFB44ED00F29ADA /* LaunchScreen.xib */,
				F481B4351AFB44ED00F29ADA /* Supporting Files */,
			);
			path = ThirdPartyShareDemo;
			sourceTree = "<group>";
		};
		F481B4351AFB44ED00F29ADA /* Supporting Files */ = {
			isa = PBXGroup;
			children = (
				F481B4361AFB44ED00F29ADA /* Info.plist */,
				F481B4371AFB44ED00F29ADA /* main.m */,
			);
			name = "Supporting Files";
			sourceTree = "<group>";
		};
		F481B44E1AFB44ED00F29ADA /* ThirdPartyShareDemoTests */ = {
			isa = PBXGroup;
			children = (
				F481B4511AFB44ED00F29ADA /* ThirdPartyShareDemoTests.m */,
				F481B44F1AFB44ED00F29ADA /* Supporting Files */,
			);
			path = ThirdPartyShareDemoTests;
			sourceTree = "<group>";
		};
		F481B44F1AFB44ED00F29ADA /* Supporting Files */ = {
			isa = PBXGroup;
			children = (
				F481B4501AFB44ED00F29ADA /* Info.plist */,
			);
			name = "Supporting Files";
			sourceTree = "<group>";
		};
/* End PBXGroup section */

/* Begin PBXNativeTarget section */
		F481B4311AFB44ED00F29ADA /* ThirdPartyShareDemo */ = {
			isa = PBXNativeTarget;
			buildConfigurationList = F481B4551AFB44ED00F29ADA /* Build configuration list for PBXNativeTarget "ThirdPartyShareDemo" */;
			buildPhases = (
				F481B42E1AFB44ED00F29ADA /* Sources */,
				F481B42F1AFB44ED00F29ADA /* Frameworks */,
				F481B4301AFB44ED00F29ADA /* Resources */,
			);
			buildRules = (
			);
			dependencies = (
			);
			name = ThirdPartyShareDemo;
			productName = ThirdPartyShareDemo;
			productReference = F481B4321AFB44ED00F29ADA /* ThirdPartyShareDemo.app */;
			productType = "com.apple.product-type.application";
		};
		F481B44A1AFB44ED00F29ADA /* ThirdPartyShareDemoTests */ = {
			isa = PBXNativeTarget;
			buildConfigurationList = F481B4581AFB44ED00F29ADA /* Build configuration list for PBXNativeTarget "ThirdPartyShareDemoTests" */;
			buildPhases = (
				F481B4471AFB44ED00F29ADA /* Sources */,
				F481B4481AFB44ED00F29ADA /* Frameworks */,
				F481B4491AFB44ED00F29ADA /* Resources */,
			);
			buildRules = (
			);
			dependencies = (
				F481B44D1AFB44ED00F29ADA /* PBXTargetDependency */,
			);
			name = ThirdPartyShareDemoTests;
			productName = ThirdPartyShareDemoTests;
			productReference = F481B44B1AFB44ED00F29ADA /* ThirdPartyShareDemoTests.xctest */;
			productType = "com.apple.product-type.bundle.unit-test";
		};
/* End PBXNativeTarget section */

/* Begin PBXProject section */
		F481B42A1AFB44ED00F29ADA /* Project object */ = {
			isa = PBXProject;
			attributes = {
				LastUpgradeCheck = 0620;
				ORGANIZATIONNAME = tbago;
				TargetAttributes = {
					F481B4311AFB44ED00F29ADA = {
						CreatedOnToolsVersion = 6.2;
					};
					F481B44A1AFB44ED00F29ADA = {
						CreatedOnToolsVersion = 6.2;
						TestTargetID = F481B4311AFB44ED00F29ADA;
					};
				};
			};
			buildConfigurationList = F481B42D1AFB44ED00F29ADA /* Build configuration list for PBXProject "ThirdPartyShareDemo" */;
			compatibilityVersion = "Xcode 3.2";
			developmentRegion = English;
			hasScannedForEncodings = 0;
			knownRegions = (
				en,
				Base,
			);
			mainGroup = F481B4291AFB44ED00F29ADA;
			productRefGroup = F481B4331AFB44ED00F29ADA /* Products */;
			projectDirPath = "";
			projectRoot = "";
			targets = (
				F481B4311AFB44ED00F29ADA /* ThirdPartyShareDemo */,
				F481B44A1AFB44ED00F29ADA /* ThirdPartyShareDemoTests */,
			);
		};
/* End PBXProject section */

/* Begin PBXResourcesBuildPhase section */
		F481B4301AFB44ED00F29ADA /* Resources */ = {
			isa = PBXResourcesBuildPhase;
			buildActionMask = 2147483647;
			files = (
				F481B4411AFB44ED00F29ADA /* Main.storyboard in Resources */,
				F481B4461AFB44ED00F29ADA /* LaunchScreen.xib in Resources */,
				F481B4431AFB44ED00F29ADA /* Images.xcassets in Resources */,
				F42DFC441AFB568A0097FACA /* TencentOpenApi_IOS_Bundle.bundle in Resources */,
				F42DFC411AFB568A0097FACA /* WeiboSDK.bundle in Resources */,
			);
			runOnlyForDeploymentPostprocessing = 0;
		};
		F481B4491AFB44ED00F29ADA /* Resources */ = {
			isa = PBXResourcesBuildPhase;
			buildActionMask = 2147483647;
			files = (
			);
			runOnlyForDeploymentPostprocessing = 0;
		};
/* End PBXResourcesBuildPhase section */

/* Begin PBXSourcesBuildPhase section */
		F481B42E1AFB44ED00F29ADA /* Sources */ = {
			isa = PBXSourcesBuildPhase;
			buildActionMask = 2147483647;
			files = (
				F42DFC661AFB56FD0097FACA /* AFURLConnectionOperation.m in Sources */,
				F42DFC2F1AFB56800097FACA /* TencentWeixinShare.m in Sources */,
				F42DFC2E1AFB56800097FACA /* TencentWeiboShare.m in Sources */,
				F481B43E1AFB44ED00F29ADA /* ViewController.m in Sources */,
				F42DFC681AFB56FD0097FACA /* AFURLResponseSerialization.m in Sources */,
				F42DFC2D1AFB56800097FACA /* SinaWeiboShare.m in Sources */,
				F42DFC671AFB56FD0097FACA /* AFURLRequestSerialization.m in Sources */,
				F42DFC651AFB56FD0097FACA /* AFSecurityPolicy.m in Sources */,
				F42DFC611AFB56FD0097FACA /* AFHTTPRequestOperation.m in Sources */,
				F42DFC691AFB56FD0097FACA /* AFURLSessionManager.m in Sources */,
				F42DFC2C1AFB56800097FACA /* QQShare.m in Sources */,
				F481B43B1AFB44ED00F29ADA /* AppDelegate.m in Sources */,
				F42DFC631AFB56FD0097FACA /* AFHTTPSessionManager.m in Sources */,
				F481B4381AFB44ED00F29ADA /* main.m in Sources */,
				F42DFC641AFB56FD0097FACA /* AFNetworkReachabilityManager.m in Sources */,
				F42DFC621AFB56FD0097FACA /* AFHTTPRequestOperationManager.m in Sources */,
			);
			runOnlyForDeploymentPostprocessing = 0;
		};
		F481B4471AFB44ED00F29ADA /* Sources */ = {
			isa = PBXSourcesBuildPhase;
			buildActionMask = 2147483647;
			files = (
				F481B4521AFB44ED00F29ADA /* ThirdPartyShareDemoTests.m in Sources */,
			);
			runOnlyForDeploymentPostprocessing = 0;
		};
/* End PBXSourcesBuildPhase section */

/* Begin PBXTargetDependency section */
		F481B44D1AFB44ED00F29ADA /* PBXTargetDependency */ = {
			isa = PBXTargetDependency;
			target = F481B4311AFB44ED00F29ADA /* ThirdPartyShareDemo */;
			targetProxy = F481B44C1AFB44ED00F29ADA /* PBXContainerItemProxy */;
		};
/* End PBXTargetDependency section */

/* Begin PBXVariantGroup section */
		F481B43F1AFB44ED00F29ADA /* Main.storyboard */ = {
			isa = PBXVariantGroup;
			children = (
				F481B4401AFB44ED00F29ADA /* Base */,
			);
			name = Main.storyboard;
			sourceTree = "<group>";
		};
		F481B4441AFB44ED00F29ADA /* LaunchScreen.xib */ = {
			isa = PBXVariantGroup;
			children = (
				F481B4451AFB44ED00F29ADA /* Base */,
			);
			name = LaunchScreen.xib;
			sourceTree = "<group>";
		};
/* End PBXVariantGroup section */

/* Begin XCBuildConfiguration section */
		F481B4531AFB44ED00F29ADA /* Debug */ = {
			isa = XCBuildConfiguration;
			buildSettings = {
				ALWAYS_SEARCH_USER_PATHS = NO;
				CLANG_CXX_LANGUAGE_STANDARD = "gnu++0x";
				CLANG_CXX_LIBRARY = "libc++";
				CLANG_ENABLE_MODULES = YES;
				CLANG_ENABLE_OBJC_ARC = YES;
				CLANG_WARN_BOOL_CONVERSION = YES;
				CLANG_WARN_CONSTANT_CONVERSION = YES;
				CLANG_WARN_DIRECT_OBJC_ISA_USAGE = YES_ERROR;
				CLANG_WARN_EMPTY_BODY = YES;
				CLANG_WARN_ENUM_CONVERSION = YES;
				CLANG_WARN_INT_CONVERSION = YES;
				CLANG_WARN_OBJC_ROOT_CLASS = YES_ERROR;
				CLANG_WARN_UNREACHABLE_CODE = YES;
				CLANG_WARN__DUPLICATE_METHOD_MATCH = YES;
				"CODE_SIGN_IDENTITY[sdk=iphoneos*]" = "iPhone Developer";
				COPY_PHASE_STRIP = NO;
				ENABLE_STRICT_OBJC_MSGSEND = YES;
				GCC_C_LANGUAGE_STANDARD = gnu99;
				GCC_DYNAMIC_NO_PIC = NO;
				GCC_OPTIMIZATION_LEVEL = 0;
				GCC_PREPROCESSOR_DEFINITIONS = (
					"DEBUG=1",
					"$(inherited)",
				);
				GCC_SYMBOLS_PRIVATE_EXTERN = NO;
				GCC_WARN_64_TO_32_BIT_CONVERSION = YES;
				GCC_WARN_ABOUT_RETURN_TYPE = YES_ERROR;
				GCC_WARN_UNDECLARED_SELECTOR = YES;
				GCC_WARN_UNINITIALIZED_AUTOS = YES_AGGRESSIVE;
				GCC_WARN_UNUSED_FUNCTION = YES;
				GCC_WARN_UNUSED_VARIABLE = YES;
				IPHONEOS_DEPLOYMENT_TARGET = 8.2;
				MTL_ENABLE_DEBUG_INFO = YES;
				ONLY_ACTIVE_ARCH = YES;
				SDKROOT = iphoneos;
				TARGETED_DEVICE_FAMILY = "1,2";
			};
			name = Debug;
		};
		F481B4541AFB44ED00F29ADA /* Release */ = {
			isa = XCBuildConfiguration;
			buildSettings = {
				ALWAYS_SEARCH_USER_PATHS = NO;
				CLANG_CXX_LANGUAGE_STANDARD = "gnu++0x";
				CLANG_CXX_LIBRARY = "libc++";
				CLANG_ENABLE_MODULES = YES;
				CLANG_ENABLE_OBJC_ARC = YES;
				CLANG_WARN_BOOL_CONVERSION = YES;
				CLANG_WARN_CONSTANT_CONVERSION = YES;
				CLANG_WARN_DIRECT_OBJC_ISA_USAGE = YES_ERROR;
				CLANG_WARN_EMPTY_BODY = YES;
				CLANG_WARN_ENUM_CONVERSION = YES;
				CLANG_WARN_INT_CONVERSION = YES;
				CLANG_WARN_OBJC_ROOT_CLASS = YES_ERROR;
				CLANG_WARN_UNREACHABLE_CODE = YES;
				CLANG_WARN__DUPLICATE_METHOD_MATCH = YES;
				"CODE_SIGN_IDENTITY[sdk=iphoneos*]" = "iPhone Developer";
				COPY_PHASE_STRIP = NO;
				ENABLE_NS_ASSERTIONS = NO;
				ENABLE_STRICT_OBJC_MSGSEND = YES;
				GCC_C_LANGUAGE_STANDARD = gnu99;
				GCC_WARN_64_TO_32_BIT_CONVERSION = YES;
				GCC_WARN_ABOUT_RETURN_TYPE = YES_ERROR;
				GCC_WARN_UNDECLARED_SELECTOR = YES;
				GCC_WARN_UNINITIALIZED_AUTOS = YES_AGGRESSIVE;
				GCC_WARN_UNUSED_FUNCTION = YES;
				GCC_WARN_UNUSED_VARIABLE = YES;
				IPHONEOS_DEPLOYMENT_TARGET = 8.2;
				MTL_ENABLE_DEBUG_INFO = NO;
				SDKROOT = iphoneos;
				TARGETED_DEVICE_FAMILY = "1,2";
				VALIDATE_PRODUCT = YES;
			};
			name = Release;
		};
		F481B4561AFB44ED00F29ADA /* Debug */ = {
			isa = XCBuildConfiguration;
			buildSettings = {
				ASSETCATALOG_COMPILER_APPICON_NAME = AppIcon;
				CLANG_CXX_LIBRARY = "libc++";
				FRAMEWORK_SEARCH_PATHS = (
					"$(inherited)",
					"$(PROJECT_DIR)/ThirdPartySDK/TencentOpenApi",
				);
				INFOPLIST_FILE = ThirdPartyShareDemo/Info.plist;
				LD_RUNPATH_SEARCH_PATHS = "$(inherited) @executable_path/Frameworks";
				LIBRARY_SEARCH_PATHS = (
					"$(inherited)",
					"$(PROJECT_DIR)/ThirdPartySDK/libWeiboSDK",
					"$(PROJECT_DIR)/ThirdPartySDK/TCWeiboSDK",
					"$(PROJECT_DIR)/ThirdPartySDK/WeChatSDK",
				);
				PRODUCT_NAME = "$(TARGET_NAME)";
			};
			name = Debug;
		};
		F481B4571AFB44ED00F29ADA /* Release */ = {
			isa = XCBuildConfiguration;
			buildSettings = {
				ASSETCATALOG_COMPILER_APPICON_NAME = AppIcon;
				CLANG_CXX_LIBRARY = "libc++";
				FRAMEWORK_SEARCH_PATHS = (
					"$(inherited)",
					"$(PROJECT_DIR)/ThirdPartySDK/TencentOpenApi",
				);
				INFOPLIST_FILE = ThirdPartyShareDemo/Info.plist;
				LD_RUNPATH_SEARCH_PATHS = "$(inherited) @executable_path/Frameworks";
				LIBRARY_SEARCH_PATHS = (
					"$(inherited)",
					"$(PROJECT_DIR)/ThirdPartySDK/libWeiboSDK",
					"$(PROJECT_DIR)/ThirdPartySDK/TCWeiboSDK",
					"$(PROJECT_DIR)/ThirdPartySDK/WeChatSDK",
				);
				PRODUCT_NAME = "$(TARGET_NAME)";
			};
			name = Release;
		};
		F481B4591AFB44ED00F29ADA /* Debug */ = {
			isa = XCBuildConfiguration;
			buildSettings = {
				BUNDLE_LOADER = "$(TEST_HOST)";
				FRAMEWORK_SEARCH_PATHS = (
					"$(SDKROOT)/Developer/Library/Frameworks",
					"$(inherited)",
				);
				GCC_PREPROCESSOR_DEFINITIONS = (
					"DEBUG=1",
					"$(inherited)",
				);
				INFOPLIST_FILE = ThirdPartyShareDemoTests/Info.plist;
				LD_RUNPATH_SEARCH_PATHS = "$(inherited) @executable_path/Frameworks @loader_path/Frameworks";
				PRODUCT_NAME = "$(TARGET_NAME)";
				TEST_HOST = "$(BUILT_PRODUCTS_DIR)/ThirdPartyShareDemo.app/ThirdPartyShareDemo";
			};
			name = Debug;
		};
		F481B45A1AFB44ED00F29ADA /* Release */ = {
			isa = XCBuildConfiguration;
			buildSettings = {
				BUNDLE_LOADER = "$(TEST_HOST)";
				FRAMEWORK_SEARCH_PATHS = (
					"$(SDKROOT)/Developer/Library/Frameworks",
					"$(inherited)",
				);
				INFOPLIST_FILE = ThirdPartyShareDemoTests/Info.plist;
				LD_RUNPATH_SEARCH_PATHS = "$(inherited) @executable_path/Frameworks @loader_path/Frameworks";
				PRODUCT_NAME = "$(TARGET_NAME)";
				TEST_HOST = "$(BUILT_PRODUCTS_DIR)/ThirdPartyShareDemo.app/ThirdPartyShareDemo";
			};
			name = Release;
		};
/* End XCBuildConfiguration section */

/* Begin XCConfigurationList section */
		F481B42D1AFB44ED00F29ADA /* Build configuration list for PBXProject "ThirdPartyShareDemo" */ = {
			isa = XCConfigurationList;
			buildConfigurations = (
				F481B4531AFB44ED00F29ADA /* Debug */,
				F481B4541AFB44ED00F29ADA /* Release */,
			);
			defaultConfigurationIsVisible = 0;
			defaultConfigurationName = Release;
		};
		F481B4551AFB44ED00F29ADA /* Build configuration list for PBXNativeTarget "ThirdPartyShareDemo" */ = {
			isa = XCConfigurationList;
			buildConfigurations = (
				F481B4561AFB44ED00F29ADA /* Debug */,
				F481B4571AFB44ED00F29ADA /* Release */,
			);
			defaultConfigurationIsVisible = 0;
			defaultConfigurationName = Release;
		};
		F481B4581AFB44ED00F29ADA /* Build configuration list for PBXNativeTarget "ThirdPartyShareDemoTests" */ = {
			isa = XCConfigurationList;
			buildConfigurations = (
				F481B4591AFB44ED00F29ADA /* Debug */,
				F481B45A1AFB44ED00F29ADA /* Release */,
			);
			defaultConfigurationIsVisible = 0;
			defaultConfigurationName = Release;
		};
/* End XCConfigurationList section */
	};
	rootObject = F481B42A1AFB44ED00F29ADA /* Project object */;
}
